
Microsoft Visual Studio Solution File, Format Version 12.00
# Visual Studio 2013
VisualStudioVersion = 12.0.30501.0
MinimumVisualStudioVersion = 10.0.40219.1
Project("{FAE04EC0-301F-11D3-BF4B-00C04F79EFBC}") = "wychuan.com", "wychuan.com\wychuan.com.csproj", "{170EB67A-CC4C-4BF3-8656-649A97124D01}"
EndProject
Project("{FAE04EC0-301F-11D3-BF4B-00C04F79EFBC}") = "AC.Service", "AC.Service\AC.Service.csproj", "{A74CD8C8-5224-4019-BE8C-13324D794189}"
EndProject
Project("{FAE04EC0-301F-11D3-BF4B-00C04F79EFBC}") = "AC.Web.Common", "AC.Web.Common\AC.Web.Common.csproj", "{89F39709-BF9A-48AC-ABD9-2BE676BA08D4}"
EndProject
Project("{2150E333-8FDC-42A3-9474-1A3956D46DE8}") = "core", "core", "{8A372AFC-EE30-4B01-95AF-E3ED3E5AE269}"
EndProject
Project("{FAE04EC0-301F-11D3-BF4B-00C04F79EFBC}") = "AC.Core", "..\..\..\achuan.lib\net\net.libs\AC.Core\AC.Core.csproj", "{FDF6B367-6E74-4E7E-BEA8-FD53D6278C9A}"
EndProject
Project("{FAE04EC0-301F-11D3-BF4B-00C04F79EFBC}") = "AC.Data", "..\..\..\achuan.lib\net\net.libs\AC.Data\AC.Data.csproj", "{FA85394F-AC26-4F5F-B192-CB3B96CC4C18}"
EndProject
Project("{FAE04EC0-301F-11D3-BF4B-00C04F79EFBC}") = "AC.Common", "..\..\..\achuan.lib\net\net.libs\AC.Common\AC.Common.csproj", "{C4D5E6B0-AEA1-4ACC-BABD-3CCFDFCB6BF2}"
EndProject
Project("{2150E333-8FDC-42A3-9474-1A3956D46DE8}") = "test", "test", "{BDF72722-18B2-423D-AD66-2ED8E59A7780}"
EndProject
Project("{FAE04EC0-301F-11D3-BF4B-00C04F79EFBC}") = "AC.Tests", "AC.Tests\AC.Tests.csproj", "{C57D155F-1A70-4D19-BE77-263C3AB7D144}"
EndProject
Project("{FAE04EC0-301F-11D3-BF4B-00C04F79EFBC}") = "wychuan2.com", "wychuan2.com\wychuan2.com.csproj", "{C69F841A-275C-47D0-AC88-A68F1ECC574E}"
EndProject
Project("{FAE04EC0-301F-11D3-BF4B-00C04F79EFBC}") = "AC.Dao", "AC.Dao\AC.Dao.csproj", "{E0B6916D-AE37-432E-8722-011315B55EBB}"
EndProject
Project("{FAE04EC0-301F-11D3-BF4B-00C04F79EFBC}") = "AC.Service.Impl", "AC.Service.Impl\AC.Service.Impl.csproj", "{421DB240-01BF-4D80-9695-69EA7C3815C4}"
EndProject
Project("{FAE04EC0-301F-11D3-BF4B-00C04F79EFBC}") = "AC.Spring", "..\..\..\achuan.lib\net\net.libs\AC.Spring\AC.Spring.csproj", "{2429D261-9086-43DC-9D25-DB1B26CE23DB}"
EndProject
Project("{FAE04EC0-301F-11D3-BF4B-00C04F79EFBC}") = "AC.Service.Tests", "AC.Service.Tests\AC.Service.Tests.csproj", "{7ECE29E8-068C-4BB6-BA8E-69ADDF84059B}"
EndProject
Project("{FAE04EC0-301F-11D3-BF4B-00C04F79EFBC}") = "AC.CodeGenerator", "..\..\..\achuan.net\src\AC\AC.CodeGenerator\AC.CodeGenerator.csproj", "{32A0597B-29EC-421E-ACEE-790085E652F1}"
EndProject
Global
	GlobalSection(SolutionConfigurationPlatforms) = preSolution
		Debug|Any CPU = Debug|Any CPU
		Release|Any CPU = Release|Any CPU
	EndGlobalSection
	GlobalSection(ProjectConfigurationPlatforms) = postSolution
		{170EB67A-CC4C-4BF3-8656-649A97124D01}.Debug|Any CPU.ActiveCfg = Debug|Any CPU
		{170EB67A-CC4C-4BF3-8656-649A97124D01}.Debug|Any CPU.Build.0 = Debug|Any CPU
		{170EB67A-CC4C-4BF3-8656-649A97124D01}.Release|Any CPU.ActiveCfg = Release|Any CPU
		{170EB67A-CC4C-4BF3-8656-649A97124D01}.Release|Any CPU.Build.0 = Release|Any CPU
		{A74CD8C8-5224-4019-BE8C-13324D794189}.Debug|Any CPU.ActiveCfg = Debug|Any CPU
		{A74CD8C8-5224-4019-BE8C-13324D794189}.Debug|Any CPU.Build.0 = Debug|Any CPU
		{A74CD8C8-5224-4019-BE8C-13324D794189}.Release|Any CPU.ActiveCfg = Release|Any CPU
		{A74CD8C8-5224-4019-BE8C-13324D794189}.Release|Any CPU.Build.0 = Release|Any CPU
		{89F39709-BF9A-48AC-ABD9-2BE676BA08D4}.Debug|Any CPU.ActiveCfg = Debug|Any CPU
		{89F39709-BF9A-48AC-ABD9-2BE676BA08D4}.Debug|Any CPU.Build.0 = Debug|Any CPU
		{89F39709-BF9A-48AC-ABD9-2BE676BA08D4}.Release|Any CPU.ActiveCfg = Release|Any CPU
		{89F39709-BF9A-48AC-ABD9-2BE676BA08D4}.Release|Any CPU.Build.0 = Release|Any CPU
		{FDF6B367-6E74-4E7E-BEA8-FD53D6278C9A}.Debug|Any CPU.ActiveCfg = Debug|Any CPU
		{FDF6B367-6E74-4E7E-BEA8-FD53D6278C9A}.Debug|Any CPU.Build.0 = Debug|Any CPU
		{FDF6B367-6E74-4E7E-BEA8-FD53D6278C9A}.Release|Any CPU.ActiveCfg = Release|Any CPU
		{FDF6B367-6E74-4E7E-BEA8-FD53D6278C9A}.Release|Any CPU.Build.0 = Release|Any CPU
		{FA85394F-AC26-4F5F-B192-CB3B96CC4C18}.Debug|Any CPU.ActiveCfg = Debug|Any CPU
		{FA85394F-AC26-4F5F-B192-CB3B96CC4C18}.Debug|Any CPU.Build.0 = Debug|Any CPU
		{FA85394F-AC26-4F5F-B192-CB3B96CC4C18}.Release|Any CPU.ActiveCfg = Release|Any CPU
		{FA85394F-AC26-4F5F-B192-CB3B96CC4C18}.Release|Any CPU.Build.0 = Release|Any CPU
		{C4D5E6B0-AEA1-4ACC-BABD-3CCFDFCB6BF2}.Debug|Any CPU.ActiveCfg = Debug|Any CPU
		{C4D5E6B0-AEA1-4ACC-BABD-3CCFDFCB6BF2}.Debug|Any CPU.Build.0 = Debug|Any CPU
		{C4D5E6B0-AEA1-4ACC-BABD-3CCFDFCB6BF2}.Release|Any CPU.ActiveCfg = Release|Any CPU
		{C4D5E6B0-AEA1-4ACC-BABD-3CCFDFCB6BF2}.Release|Any CPU.Build.0 = Release|Any CPU
		{C57D155F-1A70-4D19-BE77-263C3AB7D144}.Debug|Any CPU.ActiveCfg = Debug|Any CPU
		{C57D155F-1A70-4D19-BE77-263C3AB7D144}.Debug|Any CPU.Build.0 = Debug|Any CPU
		{C57D155F-1A70-4D19-BE77-263C3AB7D144}.Release|Any CPU.ActiveCfg = Release|Any CPU
		{C57D155F-1A70-4D19-BE77-263C3AB7D144}.Release|Any CPU.Build.0 = Release|Any CPU
		{C69F841A-275C-47D0-AC88-A68F1ECC574E}.Debug|Any CPU.ActiveCfg = Debug|Any CPU
		{C69F841A-275C-47D0-AC88-A68F1ECC574E}.Debug|Any CPU.Build.0 = Debug|Any CPU
		{C69F841A-275C-47D0-AC88-A68F1ECC574E}.Release|Any CPU.ActiveCfg = Release|Any CPU
		{C69F841A-275C-47D0-AC88-A68F1ECC574E}.Release|Any CPU.Build.0 = Release|Any CPU
		{E0B6916D-AE37-432E-8722-011315B55EBB}.Debug|Any CPU.ActiveCfg = Debug|Any CPU
		{E0B6916D-AE37-432E-8722-011315B55EBB}.Debug|Any CPU.Build.0 = Debug|Any CPU
		{E0B6916D-AE37-432E-8722-011315B55EBB}.Release|Any CPU.ActiveCfg = Release|Any CPU
		{E0B6916D-AE37-432E-8722-011315B55EBB}.Release|Any CPU.Build.0 = Release|Any CPU
		{421DB240-01BF-4D80-9695-69EA7C3815C4}.Debug|Any CPU.ActiveCfg = Debug|Any CPU
		{421DB240-01BF-4D80-9695-69EA7C3815C4}.Debug|Any CPU.Build.0 = Debug|Any CPU
		{421DB240-01BF-4D80-9695-69EA7C3815C4}.Release|Any CPU.ActiveCfg = Release|Any CPU
		{421DB240-01BF-4D80-9695-69EA7C3815C4}.Release|Any CPU.Build.0 = Release|Any CPU
		{2429D261-9086-43DC-9D25-DB1B26CE23DB}.Debug|Any CPU.ActiveCfg = Debug|Any CPU
		{2429D261-9086-43DC-9D25-DB1B26CE23DB}.Debug|Any CPU.Build.0 = Debug|Any CPU
		{2429D261-9086-43DC-9D25-DB1B26CE23DB}.Release|Any CPU.ActiveCfg = Release|Any CPU
		{2429D261-9086-43DC-9D25-DB1B26CE23DB}.Release|Any CPU.Build.0 = Release|Any CPU
		{7ECE29E8-068C-4BB6-BA8E-69ADDF84059B}.Debug|Any CPU.ActiveCfg = Debug|Any CPU
		{7ECE29E8-068C-4BB6-BA8E-69ADDF84059B}.Debug|Any CPU.Build.0 = Debug|Any CPU
		{7ECE29E8-068C-4BB6-BA8E-69ADDF84059B}.Release|Any CPU.ActiveCfg = Release|Any CPU
		{7ECE29E8-068C-4BB6-BA8E-69ADDF84059B}.Release|Any CPU.Build.0 = Release|Any CPU
		{32A0597B-29EC-421E-ACEE-790085E652F1}.Debug|Any CPU.ActiveCfg = Debug|Any CPU
		{32A0597B-29EC-421E-ACEE-790085E652F1}.Debug|Any CPU.Build.0 = Debug|Any CPU
		{32A0597B-29EC-421E-ACEE-790085E652F1}.Release|Any CPU.ActiveCfg = Release|Any CPU
		{32A0597B-29EC-421E-ACEE-790085E652F1}.Release|Any CPU.Build.0 = Release|Any CPU
	EndGlobalSection
	GlobalSection(SolutionProperties) = preSolution
		HideSolutionNode = FALSE
	EndGlobalSection
	GlobalSection(NestedProjects) = preSolution
		{FDF6B367-6E74-4E7E-BEA8-FD53D6278C9A} = {8A372AFC-EE30-4B01-95AF-E3ED3E5AE269}
		{FA85394F-AC26-4F5F-B192-CB3B96CC4C18} = {8A372AFC-EE30-4B01-95AF-E3ED3E5AE269}
		{C4D5E6B0-AEA1-4ACC-BABD-3CCFDFCB6BF2} = {8A372AFC-EE30-4B01-95AF-E3ED3E5AE269}
		{C57D155F-1A70-4D19-BE77-263C3AB7D144} = {BDF72722-18B2-423D-AD66-2ED8E59A7780}
		{2429D261-9086-43DC-9D25-DB1B26CE23DB} = {8A372AFC-EE30-4B01-95AF-E3ED3E5AE269}
		{7ECE29E8-068C-4BB6-BA8E-69ADDF84059B} = {BDF72722-18B2-423D-AD66-2ED8E59A7780}
		{32A0597B-29EC-421E-ACEE-790085E652F1} = {8A372AFC-EE30-4B01-95AF-E3ED3E5AE269}
	EndGlobalSection
EndGlobal
