
Microsoft Visual Studio Solution File, Format Version 12.00
# Visual Studio 2012
Project("{FAE04EC0-301F-11D3-BF4B-00C04F79EFBC}") = "wychuan.com", "wychuan.com\wychuan.com.csproj", "{170EB67A-CC4C-4BF3-8656-649A97124D01}"
EndProject
Project("{FAE04EC0-301F-11D3-BF4B-00C04F79EFBC}") = "wychuan.com.Tests", "wychuan.com.Tests\wychuan.com.Tests.csproj", "{1096428E-840B-49A2-B61E-0943E44048C4}"
EndProject
Project("{FAE04EC0-301F-11D3-BF4B-00C04F79EFBC}") = "AC.Service", "AC.Service\AC.Service.csproj", "{A74CD8C8-5224-4019-BE8C-13324D794189}"
EndProject
Project("{FAE04EC0-301F-11D3-BF4B-00C04F79EFBC}") = "AC.Web.Common", "AC.Web.Common\AC.Web.Common.csproj", "{89F39709-BF9A-48AC-ABD9-2BE676BA08D4}"
EndProject
Global
	GlobalSection(SolutionConfigurationPlatforms) = preSolution
		Debug|Any CPU = Debug|Any CPU
		Release|Any CPU = Release|Any CPU
	EndGlobalSection
	GlobalSection(ProjectConfigurationPlatforms) = postSolution
		{170EB67A-CC4C-4BF3-8656-649A97124D01}.Debug|Any CPU.ActiveCfg = Debug|Any CPU
		{170EB67A-CC4C-4BF3-8656-649A97124D01}.Debug|Any CPU.Build.0 = Debug|Any CPU
		{170EB67A-CC4C-4BF3-8656-649A97124D01}.Release|Any CPU.ActiveCfg = Release|Any CPU
		{170EB67A-CC4C-4BF3-8656-649A97124D01}.Release|Any CPU.Build.0 = Release|Any CPU
		{1096428E-840B-49A2-B61E-0943E44048C4}.Debug|Any CPU.ActiveCfg = Debug|Any CPU
		{1096428E-840B-49A2-B61E-0943E44048C4}.Debug|Any CPU.Build.0 = Debug|Any CPU
		{1096428E-840B-49A2-B61E-0943E44048C4}.Release|Any CPU.ActiveCfg = Release|Any CPU
		{1096428E-840B-49A2-B61E-0943E44048C4}.Release|Any CPU.Build.0 = Release|Any CPU
		{A74CD8C8-5224-4019-BE8C-13324D794189}.Debug|Any CPU.ActiveCfg = Debug|Any CPU
		{A74CD8C8-5224-4019-BE8C-13324D794189}.Debug|Any CPU.Build.0 = Debug|Any CPU
		{A74CD8C8-5224-4019-BE8C-13324D794189}.Release|Any CPU.ActiveCfg = Release|Any CPU
		{A74CD8C8-5224-4019-BE8C-13324D794189}.Release|Any CPU.Build.0 = Release|Any CPU
		{89F39709-BF9A-48AC-ABD9-2BE676BA08D4}.Debug|Any CPU.ActiveCfg = Debug|Any CPU
		{89F39709-BF9A-48AC-ABD9-2BE676BA08D4}.Debug|Any CPU.Build.0 = Debug|Any CPU
		{89F39709-BF9A-48AC-ABD9-2BE676BA08D4}.Release|Any CPU.ActiveCfg = Release|Any CPU
		{89F39709-BF9A-48AC-ABD9-2BE676BA08D4}.Release|Any CPU.Build.0 = Release|Any CPU
	EndGlobalSection
	GlobalSection(SolutionProperties) = preSolution
		HideSolutionNode = FALSE
	EndGlobalSection
EndGlobal
